
Microsoft Visual Studio Solution File, Format Version 12.00
# Visual Studio Version 17
VisualStudioVersion = 17.2.32526.322
MinimumVisualStudioVersion = 10.0.40219.1
Project("{FAE04EC0-301F-11D3-BF4B-00C04F79EFBC}") = "SmartTeapotsWebProject", "SmartTeapotsWebProject\SmartTeapotsWebProject.csproj", "{17D022CC-F558-47D2-A81A-2C8671292639}"
EndProject
Global
	GlobalSection(SolutionConfigurationPlatforms) = preSolution
		Debug|Any CPU = Debug|Any CPU
		Release|Any CPU = Release|Any CPU
	EndGlobalSection
	GlobalSection(ProjectConfigurationPlatforms) = postSolution
		{17D022CC-F558-47D2-A81A-2C8671292639}.Debug|Any CPU.ActiveCfg = Debug|Any CPU
		{17D022CC-F558-47D2-A81A-2C8671292639}.Debug|Any CPU.Build.0 = Debug|Any CPU
		{17D022CC-F558-47D2-A81A-2C8671292639}.Release|Any CPU.ActiveCfg = Release|Any CPU
		{17D022CC-F558-47D2-A81A-2C8671292639}.Release|Any CPU.Build.0 = Release|Any CPU
	EndGlobalSection
	GlobalSection(SolutionProperties) = preSolution
		HideSolutionNode = FALSE
	EndGlobalSection
	GlobalSection(ExtensibilityGlobals) = postSolution
		SolutionGuid = {84A0FFD3-DF07-44B6-B7A5-B257BC3A59F3}
	EndGlobalSection
EndGlobal
